
Microsoft Visual Studio Solution File, Format Version 12.00
# Visual Studio Version 17
VisualStudioVersion = 17.5.002.0
MinimumVisualStudioVersion = 10.0.40219.1
Project("{9A19103F-16F7-4668-BE54-9A1E7A4F7556}") = "Sistema de Estacionamento", "Sistema de Estacionamento.csproj", "{F9815ACD-F5C4-4134-9777-D58F04DA566B}"
EndProject
Global
	GlobalSection(SolutionConfigurationPlatforms) = preSolution
		Debug|Any CPU = Debug|Any CPU
		Release|Any CPU = Release|Any CPU
	EndGlobalSection
	GlobalSection(ProjectConfigurationPlatforms) = postSolution
		{F9815ACD-F5C4-4134-9777-D58F04DA566B}.Debug|Any CPU.ActiveCfg = Debug|Any CPU
		{F9815ACD-F5C4-4134-9777-D58F04DA566B}.Debug|Any CPU.Build.0 = Debug|Any CPU
		{F9815ACD-F5C4-4134-9777-D58F04DA566B}.Release|Any CPU.ActiveCfg = Release|Any CPU
		{F9815ACD-F5C4-4134-9777-D58F04DA566B}.Release|Any CPU.Build.0 = Release|Any CPU
	EndGlobalSection
	GlobalSection(SolutionProperties) = preSolution
		HideSolutionNode = FALSE
	EndGlobalSection
	GlobalSection(ExtensibilityGlobals) = postSolution
		SolutionGuid = {7A848B07-AAFF-4EE9-9003-2737D0C3A1FA}
	EndGlobalSection
EndGlobal
